
Microsoft Visual Studio Solution File, Format Version 12.00
# Visual Studio Version 17
VisualStudioVersion = 17.5.002.0
MinimumVisualStudioVersion = 10.0.40219.1
Project("{9A19103F-16F7-4668-BE54-9A1E7A4F7556}") = "API", "API\API.csproj", "{EDE8ACA5-144C-4EF7-B39B-C33CF1EB311D}"
EndProject
Project("{9A19103F-16F7-4668-BE54-9A1E7A4F7556}") = "API.Common", "API.Common\API.Common.csproj", "{842DA198-63CC-49CD-B96C-D4912339EB57}"
EndProject
Project("{9A19103F-16F7-4668-BE54-9A1E7A4F7556}") = "API.DataAccess", "API.DataAccess\API.DataAccess.csproj", "{02095B87-E68B-47AA-B9E1-4F11A5486B3C}"
EndProject
Project("{9A19103F-16F7-4668-BE54-9A1E7A4F7556}") = "API.Domain", "API.Domain\API.Domain.csproj", "{F4B72392-B877-4C32-BD47-96AACFEB55F2}"
EndProject
Project("{9A19103F-16F7-4668-BE54-9A1E7A4F7556}") = "API.Services", "API.Services\API.Services.csproj", "{226FFF7D-62EA-4FF3-9A9A-309F68FB2F6F}"
EndProject
Global
	GlobalSection(SolutionConfigurationPlatforms) = preSolution
		Debug|Any CPU = Debug|Any CPU
		Release|Any CPU = Release|Any CPU
	EndGlobalSection
	GlobalSection(ProjectConfigurationPlatforms) = postSolution
		{EDE8ACA5-144C-4EF7-B39B-C33CF1EB311D}.Debug|Any CPU.ActiveCfg = Debug|Any CPU
		{EDE8ACA5-144C-4EF7-B39B-C33CF1EB311D}.Debug|Any CPU.Build.0 = Debug|Any CPU
		{EDE8ACA5-144C-4EF7-B39B-C33CF1EB311D}.Release|Any CPU.ActiveCfg = Release|Any CPU
		{EDE8ACA5-144C-4EF7-B39B-C33CF1EB311D}.Release|Any CPU.Build.0 = Release|Any CPU
		{842DA198-63CC-49CD-B96C-D4912339EB57}.Debug|Any CPU.ActiveCfg = Debug|Any CPU
		{842DA198-63CC-49CD-B96C-D4912339EB57}.Debug|Any CPU.Build.0 = Debug|Any CPU
		{842DA198-63CC-49CD-B96C-D4912339EB57}.Release|Any CPU.ActiveCfg = Release|Any CPU
		{842DA198-63CC-49CD-B96C-D4912339EB57}.Release|Any CPU.Build.0 = Release|Any CPU
		{02095B87-E68B-47AA-B9E1-4F11A5486B3C}.Debug|Any CPU.ActiveCfg = Debug|Any CPU
		{02095B87-E68B-47AA-B9E1-4F11A5486B3C}.Debug|Any CPU.Build.0 = Debug|Any CPU
		{02095B87-E68B-47AA-B9E1-4F11A5486B3C}.Release|Any CPU.ActiveCfg = Release|Any CPU
		{02095B87-E68B-47AA-B9E1-4F11A5486B3C}.Release|Any CPU.Build.0 = Release|Any CPU
		{F4B72392-B877-4C32-BD47-96AACFEB55F2}.Debug|Any CPU.ActiveCfg = Debug|Any CPU
		{F4B72392-B877-4C32-BD47-96AACFEB55F2}.Debug|Any CPU.Build.0 = Debug|Any CPU
		{F4B72392-B877-4C32-BD47-96AACFEB55F2}.Release|Any CPU.ActiveCfg = Release|Any CPU
		{F4B72392-B877-4C32-BD47-96AACFEB55F2}.Release|Any CPU.Build.0 = Release|Any CPU
		{226FFF7D-62EA-4FF3-9A9A-309F68FB2F6F}.Debug|Any CPU.ActiveCfg = Debug|Any CPU
		{226FFF7D-62EA-4FF3-9A9A-309F68FB2F6F}.Debug|Any CPU.Build.0 = Debug|Any CPU
		{226FFF7D-62EA-4FF3-9A9A-309F68FB2F6F}.Release|Any CPU.ActiveCfg = Release|Any CPU
		{226FFF7D-62EA-4FF3-9A9A-309F68FB2F6F}.Release|Any CPU.Build.0 = Release|Any CPU
	EndGlobalSection
	GlobalSection(SolutionProperties) = preSolution
		HideSolutionNode = FALSE
	EndGlobalSection
	GlobalSection(ExtensibilityGlobals) = postSolution
		SolutionGuid = {3F085C6F-74A1-4545-9603-C92847D696A5}
	EndGlobalSection
EndGlobal
